
Microsoft Visual Studio Solution File, Format Version 12.00
# Visual Studio Version 17
VisualStudioVersion = 17.5.33530.505
MinimumVisualStudioVersion = 10.0.40219.1
Project("{9A19103F-16F7-4668-BE54-9A1E7A4F7556}") = "Senkel.Core.Creating", "Creating\Senkel.Core.Creating.csproj", "{246F5267-A401-4E96-8F67-66CC5D5A86A8}"
EndProject
Project("{9A19103F-16F7-4668-BE54-9A1E7A4F7556}") = "Senkel.Core.Decorating", "Decorating\Senkel.Core.Decorating.csproj", "{45C50F18-45A5-4CD9-B6A1-0E5A37CC1D52}"
EndProject
Project("{9A19103F-16F7-4668-BE54-9A1E7A4F7556}") = "Senkel.Core.Rendering", "Rendering\Senkel.Core.Rendering.csproj", "{B35141BD-0849-4646-8365-DC7A2A7AE1BF}"
EndProject
Project("{9A19103F-16F7-4668-BE54-9A1E7A4F7556}") = "Senkel.Core.Measuring", "Measuring\Senkel.Core.Measuring.csproj", "{7C384586-E1BC-4EED-8249-351089F55D18}"
EndProject
Project("{9A19103F-16F7-4668-BE54-9A1E7A4F7556}") = "Senkel.Core.Updating", "Updating\Senkel.Core.Updating.csproj", "{64A637F5-197B-4015-8F85-62307AB31FD1}"
EndProject
Project("{9A19103F-16F7-4668-BE54-9A1E7A4F7556}") = "Senkel.Core.Loading", "Loading\Senkel.Core.Loading.csproj", "{4059A13D-185F-40CF-B49F-EEEAE33DDE57}"
EndProject
Project("{9A19103F-16F7-4668-BE54-9A1E7A4F7556}") = "Senkel.Core.Initializing", "Initializing\Senkel.Core.Initializing.csproj", "{7F138226-7455-4563-87A3-37CDC720C2F4}"
EndProject
Global
	GlobalSection(SolutionConfigurationPlatforms) = preSolution
		Debug|Any CPU = Debug|Any CPU
		Release|Any CPU = Release|Any CPU
	EndGlobalSection
	GlobalSection(ProjectConfigurationPlatforms) = postSolution
		{246F5267-A401-4E96-8F67-66CC5D5A86A8}.Debug|Any CPU.ActiveCfg = Debug|Any CPU
		{246F5267-A401-4E96-8F67-66CC5D5A86A8}.Debug|Any CPU.Build.0 = Debug|Any CPU
		{246F5267-A401-4E96-8F67-66CC5D5A86A8}.Release|Any CPU.ActiveCfg = Release|Any CPU
		{246F5267-A401-4E96-8F67-66CC5D5A86A8}.Release|Any CPU.Build.0 = Release|Any CPU
		{45C50F18-45A5-4CD9-B6A1-0E5A37CC1D52}.Debug|Any CPU.ActiveCfg = Debug|Any CPU
		{45C50F18-45A5-4CD9-B6A1-0E5A37CC1D52}.Debug|Any CPU.Build.0 = Debug|Any CPU
		{45C50F18-45A5-4CD9-B6A1-0E5A37CC1D52}.Release|Any CPU.ActiveCfg = Release|Any CPU
		{45C50F18-45A5-4CD9-B6A1-0E5A37CC1D52}.Release|Any CPU.Build.0 = Release|Any CPU
		{B35141BD-0849-4646-8365-DC7A2A7AE1BF}.Debug|Any CPU.ActiveCfg = Debug|Any CPU
		{B35141BD-0849-4646-8365-DC7A2A7AE1BF}.Debug|Any CPU.Build.0 = Debug|Any CPU
		{B35141BD-0849-4646-8365-DC7A2A7AE1BF}.Release|Any CPU.ActiveCfg = Release|Any CPU
		{B35141BD-0849-4646-8365-DC7A2A7AE1BF}.Release|Any CPU.Build.0 = Release|Any CPU
		{7C384586-E1BC-4EED-8249-351089F55D18}.Debug|Any CPU.ActiveCfg = Debug|Any CPU
		{7C384586-E1BC-4EED-8249-351089F55D18}.Debug|Any CPU.Build.0 = Debug|Any CPU
		{7C384586-E1BC-4EED-8249-351089F55D18}.Release|Any CPU.ActiveCfg = Release|Any CPU
		{7C384586-E1BC-4EED-8249-351089F55D18}.Release|Any CPU.Build.0 = Release|Any CPU
		{64A637F5-197B-4015-8F85-62307AB31FD1}.Debug|Any CPU.ActiveCfg = Debug|Any CPU
		{64A637F5-197B-4015-8F85-62307AB31FD1}.Debug|Any CPU.Build.0 = Debug|Any CPU
		{64A637F5-197B-4015-8F85-62307AB31FD1}.Release|Any CPU.ActiveCfg = Release|Any CPU
		{64A637F5-197B-4015-8F85-62307AB31FD1}.Release|Any CPU.Build.0 = Release|Any CPU
		{4059A13D-185F-40CF-B49F-EEEAE33DDE57}.Debug|Any CPU.ActiveCfg = Debug|Any CPU
		{4059A13D-185F-40CF-B49F-EEEAE33DDE57}.Debug|Any CPU.Build.0 = Debug|Any CPU
		{4059A13D-185F-40CF-B49F-EEEAE33DDE57}.Release|Any CPU.ActiveCfg = Release|Any CPU
		{4059A13D-185F-40CF-B49F-EEEAE33DDE57}.Release|Any CPU.Build.0 = Release|Any CPU
		{7F138226-7455-4563-87A3-37CDC720C2F4}.Debug|Any CPU.ActiveCfg = Debug|Any CPU
		{7F138226-7455-4563-87A3-37CDC720C2F4}.Debug|Any CPU.Build.0 = Debug|Any CPU
		{7F138226-7455-4563-87A3-37CDC720C2F4}.Release|Any CPU.ActiveCfg = Release|Any CPU
		{7F138226-7455-4563-87A3-37CDC720C2F4}.Release|Any CPU.Build.0 = Release|Any CPU
	EndGlobalSection
	GlobalSection(SolutionProperties) = preSolution
		HideSolutionNode = FALSE
	EndGlobalSection
	GlobalSection(ExtensibilityGlobals) = postSolution
		SolutionGuid = {7E710F50-8A6B-499F-AFCC-5838438C0700}
	EndGlobalSection
EndGlobal
